{
  "version": 4,
  "terraform_version": "1.14.8",
  "serial": 3,
  "lineage": "3a8db646-8339-df78-1b90-34f27cc6b897",
  "outputs": {
    "droplet_ip": {
      "value": "168.144.96.159",
      "type": "string"
    }
  },
  "resources": [
    {
      "mode": "data",
      "type": "digitalocean_ssh_key",
      "name": "terraform",
      "provider": "provider[\"registry.terraform.io/digitalocean/digitalocean\"]",
      "instances": [
        {
          "schema_version": 0,
          "attributes": {
            "fingerprint": "a5:66:7c:ae:d6:40:e9:58:5a:2e:b3:dd:cd:82:36:62",
            "id": 55630901,
            "name": "do_terraform",
            "public_key": "ssh-ed25519 AAAAC3NzaC1lZDI1NTE5AAAAIJL8fFHk/TgeJteZb2yVuRCvicNGEc+uQhmkyc6jvGfl aekachai.s@MacBook-Air-khxng-AekachaiS.local"
          },
          "sensitive_attributes": [],
          "identity_schema_version": 0
        }
      ]
    },
    {
      "mode": "managed",
      "type": "digitalocean_droplet",
      "name": "my-node",
      "provider": "provider[\"registry.terraform.io/digitalocean/digitalocean\"]",
      "instances": [
        {
          "schema_version": 1,
          "attributes": {
            "backup_policy": [],
            "backups": false,
            "created_at": "2026-04-15T13:40:07Z",
            "disk": 25,
            "droplet_agent": null,
            "graceful_shutdown": false,
            "id": "565089417",
            "image": "docker-20-04",
            "ipv4_address": "168.144.96.159",
            "ipv4_address_private": "10.104.0.2",
            "ipv6": false,
            "ipv6_address": "",
            "locked": false,
            "memory": 1024,
            "monitoring": false,
            "name": "my-node",
            "price_hourly": 0.00893,
            "price_monthly": 6,
            "private_networking": true,
            "public_networking": true,
            "region": "sgp1",
            "resize_disk": true,
            "size": "s-1vcpu-1gb",
            "ssh_keys": [
              "55630901"
            ],
            "status": "active",
            "tags": null,
            "timeouts": null,
            "urn": "do:droplet:565089417",
            "user_data": null,
            "vcpus": 1,
            "volume_ids": [],
            "vpc_uuid": "18636dfb-8f4f-4106-a3c3-68c6b2d2836d"
          },
          "sensitive_attributes": [],
          "identity_schema_version": 0,
          "private": "eyJlMmJmYjczMC1lY2FhLTExZTYtOGY4OC0zNDM2M2JjN2M0YzAiOnsiY3JlYXRlIjozNjAwMDAwMDAwMDAwLCJkZWxldGUiOjYwMDAwMDAwMDAwLCJ1cGRhdGUiOjM2MDAwMDAwMDAwMDB9LCJzY2hlbWFfdmVyc2lvbiI6IjEifQ==",
          "dependencies": [
            "data.digitalocean_ssh_key.terraform"
          ]
        }
      ]
    },
    {
      "mode": "managed",
      "type": "digitalocean_project",
      "name": "terraform",
      "provider": "provider[\"registry.terraform.io/digitalocean/digitalocean\"]",
      "instances": [
        {
          "schema_version": 0,
          "attributes": {
            "created_at": "2026-04-15T13:40:51Z",
            "description": "A project to represent terraform demo.",
            "environment": "Production",
            "id": "3b769a32-523e-4f2a-acc9-872b323d2b30",
            "is_default": false,
            "name": "terraform",
            "owner_id": 35949621,
            "owner_uuid": "6aac29f9-ae11-46b4-9769-9c4386d664b1",
            "purpose": "Web Application",
            "resources": [
              "do:droplet:565089417"
            ],
            "timeouts": null,
            "updated_at": "2026-04-15T13:40:51Z"
          },
          "sensitive_attributes": [],
          "identity_schema_version": 0,
          "private": "eyJlMmJmYjczMC1lY2FhLTExZTYtOGY4OC0zNDM2M2JjN2M0YzAiOnsiZGVsZXRlIjoxODAwMDAwMDAwMDB9fQ==",
          "dependencies": [
            "data.digitalocean_ssh_key.terraform",
            "digitalocean_droplet.my-node"
          ]
        }
      ]
    }
  ],
  "check_results": null
}
